
Microsoft Visual Studio Solution File, Format Version 12.00
# Visual Studio 2013
VisualStudioVersion = 12.0.31101.0
MinimumVisualStudioVersion = 10.0.40219.1
Project("{FAE04EC0-301F-11D3-BF4B-00C04F79EFBC}") = "TicketMachine.Core", "TicketMachine.Core\TicketMachine.Core.csproj", "{4DCA5F9F-DB60-46F4-817A-B50C4B86EA9B}"
EndProject
Project("{FAE04EC0-301F-11D3-BF4B-00C04F79EFBC}") = "TicketMachine.Application", "TicketMachine.Application\TicketMachine.Application.csproj", "{46E168BD-311C-4E2D-B542-6BC443B88A3E}"
EndProject
Project("{FAE04EC0-301F-11D3-BF4B-00C04F79EFBC}") = "TicketMachine.Infrastructure.Data", "TicketMachine.Infrastructure.Data\TicketMachine.Infrastructure.Data.csproj", "{2B4550F8-B46B-4BF6-A945-AB7374F582A2}"
EndProject
Project("{FAE04EC0-301F-11D3-BF4B-00C04F79EFBC}") = "TicketMachine.Crosscutting", "TicketMachine.Crosscutting\TicketMachine.Crosscutting.csproj", "{5772CD54-E505-4B24-B08C-2D77F77E8A02}"
EndProject
Project("{FAE04EC0-301F-11D3-BF4B-00C04F79EFBC}") = "TicketMachine.Application.Tests", "TicketMachine.Application.Tests\TicketMachine.Application.Tests.csproj", "{8852279C-5288-45C6-8ED5-5F28FAF0697B}"
EndProject
Project("{FAE04EC0-301F-11D3-BF4B-00C04F79EFBC}") = "TicketMachine.Infrastructure.Data.Tests", "TicketMachine.Infrastructure.Data.Tests\TicketMachine.Infrastructure.Data.Tests.csproj", "{BBAA53DA-156A-431E-9961-AA0D424D2BFB}"
EndProject
Global
	GlobalSection(SolutionConfigurationPlatforms) = preSolution
		Debug|Any CPU = Debug|Any CPU
		Release|Any CPU = Release|Any CPU
	EndGlobalSection
	GlobalSection(ProjectConfigurationPlatforms) = postSolution
		{4DCA5F9F-DB60-46F4-817A-B50C4B86EA9B}.Debug|Any CPU.ActiveCfg = Debug|Any CPU
		{4DCA5F9F-DB60-46F4-817A-B50C4B86EA9B}.Debug|Any CPU.Build.0 = Debug|Any CPU
		{4DCA5F9F-DB60-46F4-817A-B50C4B86EA9B}.Release|Any CPU.ActiveCfg = Release|Any CPU
		{4DCA5F9F-DB60-46F4-817A-B50C4B86EA9B}.Release|Any CPU.Build.0 = Release|Any CPU
		{46E168BD-311C-4E2D-B542-6BC443B88A3E}.Debug|Any CPU.ActiveCfg = Debug|Any CPU
		{46E168BD-311C-4E2D-B542-6BC443B88A3E}.Debug|Any CPU.Build.0 = Debug|Any CPU
		{46E168BD-311C-4E2D-B542-6BC443B88A3E}.Release|Any CPU.ActiveCfg = Release|Any CPU
		{46E168BD-311C-4E2D-B542-6BC443B88A3E}.Release|Any CPU.Build.0 = Release|Any CPU
		{2B4550F8-B46B-4BF6-A945-AB7374F582A2}.Debug|Any CPU.ActiveCfg = Debug|Any CPU
		{2B4550F8-B46B-4BF6-A945-AB7374F582A2}.Debug|Any CPU.Build.0 = Debug|Any CPU
		{2B4550F8-B46B-4BF6-A945-AB7374F582A2}.Release|Any CPU.ActiveCfg = Release|Any CPU
		{2B4550F8-B46B-4BF6-A945-AB7374F582A2}.Release|Any CPU.Build.0 = Release|Any CPU
		{5772CD54-E505-4B24-B08C-2D77F77E8A02}.Debug|Any CPU.ActiveCfg = Debug|Any CPU
		{5772CD54-E505-4B24-B08C-2D77F77E8A02}.Debug|Any CPU.Build.0 = Debug|Any CPU
		{5772CD54-E505-4B24-B08C-2D77F77E8A02}.Release|Any CPU.ActiveCfg = Release|Any CPU
		{5772CD54-E505-4B24-B08C-2D77F77E8A02}.Release|Any CPU.Build.0 = Release|Any CPU
		{8852279C-5288-45C6-8ED5-5F28FAF0697B}.Debug|Any CPU.ActiveCfg = Debug|Any CPU
		{8852279C-5288-45C6-8ED5-5F28FAF0697B}.Debug|Any CPU.Build.0 = Debug|Any CPU
		{8852279C-5288-45C6-8ED5-5F28FAF0697B}.Release|Any CPU.ActiveCfg = Release|Any CPU
		{8852279C-5288-45C6-8ED5-5F28FAF0697B}.Release|Any CPU.Build.0 = Release|Any CPU
		{BBAA53DA-156A-431E-9961-AA0D424D2BFB}.Debug|Any CPU.ActiveCfg = Debug|Any CPU
		{BBAA53DA-156A-431E-9961-AA0D424D2BFB}.Debug|Any CPU.Build.0 = Debug|Any CPU
		{BBAA53DA-156A-431E-9961-AA0D424D2BFB}.Release|Any CPU.ActiveCfg = Release|Any CPU
		{BBAA53DA-156A-431E-9961-AA0D424D2BFB}.Release|Any CPU.Build.0 = Release|Any CPU
	EndGlobalSection
	GlobalSection(SolutionProperties) = preSolution
		HideSolutionNode = FALSE
	EndGlobalSection
EndGlobal
